{
  "- 100% documented\n### Added": [
    {
      "file": "CHANGELOG.md",
      "lines": [
        114,
        131,
        152
      ]
    }
  ],
  "- BRANCH COVERAGE:  92.31% -- 24/26 branches in 7 files\n- 100% documented": [
    {
      "file": "CHANGELOG.md",
      "lines": [
        143,
        151
      ]
    }
  ],
  "// Use 'forwardPorts' to make a list of ports inside the container available locally.\n// \"forwardPorts\": [],": [
    {
      "file": ".devcontainer/devcontainer.json",
      "lines": [
        11,
        22
      ]
    }
  ],
  "arr = data[\"workflow_runs\"]\nrun = arr && arr.first": [
    {
      "file": "Rakefile",
      "lines": [
        538,
        565
      ]
    }
  ],
  "bench_files = Dir[File.join(File.dirname(__FILE__), \"benchmarks\", \"*.rb\")].sort\nif bench_files.empty?": [
    {
      "file": "Rakefile",
      "lines": [
        393,
        410
      ]
    }
  ],
  "data = JSON.parse(res.body)\narr = data[\"workflow_runs\"]": [
    {
      "file": "Rakefile",
      "lines": [
        537,
        564
      ]
    }
  ],
  "if bench_files.empty?\nputs \"No benchmark scripts found under benchmarks/.\"": [
    {
      "file": "Rakefile",
      "lines": [
        394,
        411
      ]
    }
  ],
  "req = Net::HTTP::Get.new(uri)\nreq[\"User-Agent\"] = \"ci:act rake task\"": [
    {
      "file": "Rakefile",
      "lines": [
        529,
        684
      ]
    }
  ]
}
