{
  "- 100% documented\n### Added": [
    {
      "file": "CHANGELOG.md",
      "lines": [
        103,
        120,
        141
      ]
    }
  ],
  "- BRANCH COVERAGE:  92.31% -- 24/26 branches in 7 files\n- 100% documented": [
    {
      "file": "CHANGELOG.md",
      "lines": [
        132,
        140
      ]
    }
  ],
  "// Use 'forwardPorts' to make a list of ports inside the container available locally.\n// \"forwardPorts\": [],": [
    {
      "file": ".devcontainer/devcontainer.json",
      "lines": [
        11,
        22
      ]
    }
  ],
  "arr = data[\"workflow_runs\"]\nrun = arr && arr.first": [
    {
      "file": "Rakefile",
      "lines": [
        532,
        559
      ]
    }
  ],
  "bench_files = Dir[File.join(File.dirname(__FILE__), \"benchmarks\", \"*.rb\")].sort\nif bench_files.empty?": [
    {
      "file": "Rakefile",
      "lines": [
        387,
        404
      ]
    }
  ],
  "data = JSON.parse(res.body)\narr = data[\"workflow_runs\"]": [
    {
      "file": "Rakefile",
      "lines": [
        531,
        558
      ]
    }
  ],
  "if bench_files.empty?\nputs \"No benchmark scripts found under benchmarks/.\"": [
    {
      "file": "Rakefile",
      "lines": [
        388,
        405
      ]
    }
  ],
  "req = Net::HTTP::Get.new(uri)\nreq[\"User-Agent\"] = \"ci:act rake task\"": [
    {
      "file": "Rakefile",
      "lines": [
        523,
        678
      ]
    }
  ]
}
