{
  "Rakefile:2325586617": [
    [60, 85, 6, "Lint/LtsRuby/UnavailableMethod: Pathname#empty? is unavailable before Ruby 2.4.", 1165546895],
    [73, 8, 4, "Lint/LtsRuby/UnavailableMethod: Enumerable/Enumerator::Lazy#uniq is unavailable before Ruby 2.4.", 2087995782],
    [157, 77, 6, "Lint/LtsRuby/UnavailableMethod: Pathname#empty? is unavailable before Ruby 2.4.", 1165546895],
    [185, 12, 2, "Lint/LtsRuby/UnavailableMethod: Method/Proc#<< is unavailable before Ruby 2.6.", 5859461],
    [216, 12, 2, "Lint/LtsRuby/UnavailableMethod: Method/Proc#<< is unavailable before Ruby 2.6.", 5859461],
    [277, 12, 2, "Lint/LtsRuby/UnavailableMethod: Method/Proc#<< is unavailable before Ruby 2.6.", 5859461],
    [311, 12, 2, "Lint/LtsRuby/UnavailableMethod: Method/Proc#<< is unavailable before Ruby 2.6.", 5859461],
    [338, 12, 2, "Lint/LtsRuby/UnavailableMethod: Method/Proc#<< is unavailable before Ruby 2.6.", 5859461],
    [398, 20, 6, "Lint/LtsRuby/UnavailableMethod: Pathname#empty? is unavailable before Ruby 2.4.", 1165546895],
    [415, 20, 6, "Lint/LtsRuby/UnavailableMethod: Pathname#empty? is unavailable before Ruby 2.4.", 1165546895],
    [467, 46, 1, "Lint/LtsRuby/UnavailableMethod: Enumerator#+ is unavailable before Ruby 2.6.", 177550],
    [484, 40, 4, "Lint/LtsRuby/UnavailableMethod: Enumerable/Enumerator::Lazy#uniq is unavailable before Ruby 2.4.", 2087995782],
    [490, 45, 3, "Lint/LtsRuby/UnavailableMethod: Matrix/Vector#[]= is unavailable before Ruby 2.6.", 193474600],
    [491, 46, 3, "Lint/LtsRuby/UnavailableMethod: Matrix/Vector#[]= is unavailable before Ruby 2.6.", 193474693],
    [534, 10, 14, "Lint/LtsRuby/UnavailableMethod: Matrix/Vector#[]= is unavailable before Ruby 2.6.", 2704998566],
    [536, 10, 17, "Lint/LtsRuby/UnavailableMethod: Matrix/Vector#[]= is unavailable before Ruby 2.6.", 3800395832],
    [536, 66, 6, "Lint/LtsRuby/UnavailableMethod: Pathname#empty? is unavailable before Ruby 2.4.", 1165546895],
    [548, 44, 7, "Lint/LtsRuby/UnavailableMethod: Enumerable/Enumerator::Lazy#compact is unavailable before Ruby 3.1.", 3711215938],
    [548, 52, 4, "Lint/LtsRuby/UnavailableMethod: Set#join is unavailable before Ruby 3.0.", 2088000679],
    [581, 29, 7, "Lint/LtsRuby/UnavailableMethod: Enumerable/Enumerator::Lazy#compact is unavailable before Ruby 3.1.", 3711215938],
    [581, 37, 4, "Lint/LtsRuby/UnavailableMethod: Set#join is unavailable before Ruby 3.0.", 2088000679],
    [588, 26, 6, "Lint/LtsRuby/UnavailableMethod: Pathname#empty? is unavailable before Ruby 2.4.", 1165546895],
    [591, 17, 5, "Lint/LtsRuby/UnavailableMethod: Thread#fetch is unavailable before Ruby 2.5.", 171106201],
    [613, 30, 6, "Lint/LtsRuby/UnavailableMethod: Pathname#empty? is unavailable before Ruby 2.4.", 1165546895],
    [629, 28, 1, "Lint/LtsRuby/UnavailableMethod: Enumerator#+ is unavailable before Ruby 2.6.", 177550],
    [633, 33, 1, "Lint/LtsRuby/UnavailableMethod: Enumerator#+ is unavailable before Ruby 2.6.", 177550],
    [636, 65, 3, "Lint/LtsRuby/UnavailableMethod: Matrix/Vector#[]= is unavailable before Ruby 2.6.", 193474600],
    [651, 50, 1, "Lint/LtsRuby/UnavailableMethod: Enumerator#+ is unavailable before Ruby 2.6.", 177550],
    [665, 15, 2, "Lint/LtsRuby/UnavailableMethod: Method/Proc#<< is unavailable before Ruby 2.6.", 5859461],
    [673, 24, 13, "Lint/LtsRuby/UnavailableMethod: Process#clock_gettime is unavailable before Ruby 2.1.", 2005665137],
    [676, 15, 2, "Lint/LtsRuby/UnavailableMethod: Method/Proc#<< is unavailable before Ruby 2.6.", 5859461],
    [679, 25, 13, "Lint/LtsRuby/UnavailableMethod: Process#clock_gettime is unavailable before Ruby 2.1.", 2005665137],
    [684, 22, 2, "Lint/LtsRuby/UnavailableMethod: Method/Proc#<< is unavailable before Ruby 2.6.", 5859461],
    [689, 14, 14, "Lint/LtsRuby/UnavailableMethod: Matrix/Vector#[]= is unavailable before Ruby 2.6.", 2704998566],
    [690, 14, 17, "Lint/LtsRuby/UnavailableMethod: Matrix/Vector#[]= is unavailable before Ruby 2.6.", 3800395832],
    [690, 61, 6, "Lint/LtsRuby/UnavailableMethod: Pathname#empty? is unavailable before Ruby 2.4.", 1165546895],
    [692, 20, 2, "Lint/LtsRuby/UnavailableMethod: Method/Proc#<< is unavailable before Ruby 2.6.", 5859461],
    [699, 20, 2, "Lint/LtsRuby/UnavailableMethod: Method/Proc#<< is unavailable before Ruby 2.6.", 5859461],
    [710, 22, 6, "Lint/LtsRuby/UnavailableMethod: Pathname#empty? is unavailable before Ruby 2.4.", 1165546895],
    [722, 17, 6, "Lint/LtsRuby/UnavailableMethod: Matrix/Vector#[]= is unavailable before Ruby 2.6.", 3647990702],
    [730, 41, 4, "Lint/LtsRuby/UnavailableMethod: StringScanner#size is unavailable before Ruby 2.5.", 2088346912],
    [730, 52, 1, "Lint/LtsRuby/UnavailableMethod: Enumerator#+ is unavailable before Ruby 2.6.", 177550],
    [733, 65, 1, "Lint/LtsRuby/UnavailableMethod: Enumerator#+ is unavailable before Ruby 2.6.", 177550],
    [749, 28, 4, "Lint/LtsRuby/UnavailableMethod: Fiber#kill is unavailable before Ruby 3.3.", 2088043111],
    [754, 20, 4, "Lint/LtsRuby/UnavailableMethod: Fiber#kill is unavailable before Ruby 3.3.", 2088043111],
    [760, 66, 6, "Lint/LtsRuby/UnavailableMethod: Pathname#empty? is unavailable before Ruby 2.4.", 1165546895]
  ],
  "bin/prepare-commit-msg:881294558": [
    [36, 20, 2, "Lint/Syntax: unexpected token tLSHFT\n(Using Ruby 2.0 parser; configure using `TargetRubyVersion` parameter, under `AllCops`)", 5859461],
    [40, 7, 4, "Lint/Syntax: unexpected token tCONSTANT\n(Using Ruby 2.0 parser; configure using `TargetRubyVersion` parameter, under `AllCops`)", 2088671139]
  ],
  "gemfiles/modular/coverage_local.gemfile:1588487406": [
    [19, 27, 4, "Lint/LtsRuby/UnavailableMethod: Symbol#name is unavailable before Ruby 3.0.", 2087876002],
    [37, 101, 4, "Lint/LtsRuby/UnavailableMethod: Symbol#name is unavailable before Ruby 3.0.", 2087876002],
    [46, 5, 5, "Lint/LtsRuby/UnavailableMethod: Thread#fetch is unavailable before Ruby 2.5.", 171106201],
    [49, 31, 4, "Lint/LtsRuby/UnavailableMethod: Symbol#name is unavailable before Ruby 3.0.", 2087876002]
  ],
  "gemfiles/modular/documentation_local.gemfile:3687110777": [
    [19, 27, 4, "Lint/LtsRuby/UnavailableMethod: Symbol#name is unavailable before Ruby 3.0.", 2087876002]
  ],
  "gemfiles/modular/style_local.gemfile:1317794630": [
    [22, 27, 4, "Lint/LtsRuby/UnavailableMethod: Symbol#name is unavailable before Ruby 3.0.", 2087876002]
  ],
  "gemfiles/modular/templating.gemfile:2602645835": [
    [6, 39, 4, "Lint/LtsRuby/UnavailableMethod: Set#to_s is unavailable before Ruby 2.5.", 2087961426],
    [7, 28, 6, "Lint/LtsRuby/UnavailableMethod: Pathname#empty? is unavailable before Ruby 2.4.", 1165546895],
    [8, 40, 4, "Lint/LtsRuby/UnavailableMethod: Set#to_s is unavailable before Ruby 2.5.", 2087961426],
    [8, 45, 6, "Lint/LtsRuby/UnavailableMethod: Pathname#empty? is unavailable before Ruby 2.4.", 1165546895],
    [11, 35, 4, "Lint/LtsRuby/UnavailableMethod: Set#to_s is unavailable before Ruby 2.5.", 2087961426],
    [11, 40, 6, "Lint/LtsRuby/UnavailableMethod: Pathname#empty? is unavailable before Ruby 2.4.", 1165546895]
  ],
  "gemfiles/modular/templating_local.gemfile:802438125": [
    [20, 27, 4, "Lint/LtsRuby/UnavailableMethod: Symbol#name is unavailable before Ruby 3.0.", 2087876002],
    [85, 101, 4, "Lint/LtsRuby/UnavailableMethod: Symbol#name is unavailable before Ruby 3.0.", 2087876002],
    [94, 5, 5, "Lint/LtsRuby/UnavailableMethod: Thread#fetch is unavailable before Ruby 2.5.", 171106201],
    [97, 31, 4, "Lint/LtsRuby/UnavailableMethod: Symbol#name is unavailable before Ruby 3.0.", 2087876002]
  ],
  "lib/timecop/rspec.rb:4051037237": [
    [3, 1, 56, "Lint/NonDeterministicRequireOrder: Sort files before requiring them.", 4219798441],
    [42, 9, 12, "ThreadSafety/ClassInstanceVariable: Avoid class instance variables.", 990613604]
  ],
  "lib/timecop/rspec/sequential_time_machine.rb:3576394007": [
    [16, 9, 9, "ThreadSafety/ClassInstanceVariable: Avoid class instance variables.", 356709996]
  ],
  "lib/timecop/rspec/time_machine.rb:1233248191": [
    [12, 9, 9, "ThreadSafety/ClassInstanceVariable: Avoid class instance variables.", 356709996]
  ],
  "lib/timecop/rspec/travel_log.rb:1676141631": [
    [48, 22, 31, "Style/ClassEqualityComparison: Use `instance_of?(other_start_time.class)` instead of comparing classes.", 3748593914],
    [54, 30, 1, "Lint/LtsRuby/UnavailableMethod: Enumerator#+ is unavailable before Ruby 2.6.", 177550]
  ],
  "spec/spec_helper.rb:2862161782": [
    [62, 9, 81, "RSpec/Output: Do not write to stdout in specs.", 650156987]
  ],
  "spec/timecop/rspec/a_time_machine.rb:3266695695": [
    [30, 13, 29, "RSpec/ContextWording: Context description should match /^when\\b/, /^with\\b/, or /^without\\b/.", 2090924979],
    [45, 32, 9, "Lint/LtsRuby/UnavailableMethod: Matrix/Vector#[]= is unavailable before Ruby 2.6.", 1635699009],
    [56, 32, 9, "Lint/LtsRuby/UnavailableMethod: Matrix/Vector#[]= is unavailable before Ruby 2.6.", 2544423058],
    [67, 32, 9, "Lint/LtsRuby/UnavailableMethod: Matrix/Vector#[]= is unavailable before Ruby 2.6.", 1635699009],
    [87, 32, 9, "Lint/LtsRuby/UnavailableMethod: Matrix/Vector#[]= is unavailable before Ruby 2.6.", 1635699009],
    [97, 32, 9, "Lint/LtsRuby/UnavailableMethod: Matrix/Vector#[]= is unavailable before Ruby 2.6.", 1635699009],
    [115, 32, 9, "Lint/LtsRuby/UnavailableMethod: Matrix/Vector#[]= is unavailable before Ruby 2.6.", 1635699009],
    [124, 32, 9, "Lint/LtsRuby/UnavailableMethod: Matrix/Vector#[]= is unavailable before Ruby 2.6.", 1635699009],
    [133, 32, 9, "Lint/LtsRuby/UnavailableMethod: Matrix/Vector#[]= is unavailable before Ruby 2.6.", 2544423058],
    [151, 15, 35, "RSpec/ContextWording: Context description should match /^when\\b/, /^with\\b/, or /^without\\b/.", 710711823],
    [155, 34, 9, "Lint/LtsRuby/UnavailableMethod: Matrix/Vector#[]= is unavailable before Ruby 2.6.", 1635699009],
    [167, 34, 9, "Lint/LtsRuby/UnavailableMethod: Matrix/Vector#[]= is unavailable before Ruby 2.6.", 2544423058],
    [178, 13, 28, "RSpec/ContextWording: Context description should match /^when\\b/, /^with\\b/, or /^without\\b/.", 830037094],
    [194, 32, 22, "Lint/LtsRuby/UnavailableMethod: Matrix/Vector#[]= is unavailable before Ruby 2.6.", 1084647194],
    [205, 32, 9, "Lint/LtsRuby/UnavailableMethod: Matrix/Vector#[]= is unavailable before Ruby 2.6.", 1635699009],
    [216, 32, 9, "Lint/LtsRuby/UnavailableMethod: Matrix/Vector#[]= is unavailable before Ruby 2.6.", 2544423058]
  ],
  "spec/timecop/rspec/example_decorator_spec.rb:956870363": [
    [66, 17, 22, "Lint/LtsRuby/UnavailableMethod: Matrix/Vector#[]= is unavailable before Ruby 2.6.", 1084647194]
  ],
  "spec/timecop/rspec/sequential_time_machine_spec.rb:156590099": [
    [21, 28, 9, "Lint/LtsRuby/UnavailableMethod: Matrix/Vector#[]= is unavailable before Ruby 2.6.", 1635699009],
    [44, 11, 28, "RSpec/ContextWording: Context description should match /^when\\b/, /^with\\b/, or /^without\\b/.", 830037094]
  ],
  "timecop-rspec.gemspec:3425662763": [
    [25, 8, 4, "Lint/LtsRuby/UnavailableMethod: Thread#name= is unavailable before Ruby 2.3.", 2087876002],
    [50, 24, 9, "Lint/LtsRuby/UnavailableMethod: Symbol#end_with? is unavailable before Ruby 2.7.", 308216808],
    [56, 16, 16, "Lint/LtsRuby/UnavailableMethod: Matrix/Vector#[]= is unavailable before Ruby 2.6.", 3147164910],
    [57, 16, 19, "Lint/LtsRuby/UnavailableMethod: Matrix/Vector#[]= is unavailable before Ruby 2.6.", 279056797],
    [58, 16, 17, "Lint/LtsRuby/UnavailableMethod: Matrix/Vector#[]= is unavailable before Ruby 2.6.", 4196512528],
    [59, 16, 19, "Lint/LtsRuby/UnavailableMethod: Matrix/Vector#[]= is unavailable before Ruby 2.6.", 3960302181],
    [60, 16, 21, "Lint/LtsRuby/UnavailableMethod: Matrix/Vector#[]= is unavailable before Ruby 2.6.", 2359681088],
    [60, 78, 4, "Lint/LtsRuby/UnavailableMethod: Symbol#name is unavailable before Ruby 3.0.", 2087876002],
    [61, 16, 15, "Lint/LtsRuby/UnavailableMethod: Matrix/Vector#[]= is unavailable before Ruby 2.6.", 1629595435],
    [62, 16, 12, "Lint/LtsRuby/UnavailableMethod: Matrix/Vector#[]= is unavailable before Ruby 2.6.", 2962383854],
    [63, 16, 12, "Lint/LtsRuby/UnavailableMethod: Matrix/Vector#[]= is unavailable before Ruby 2.6.", 3248034781],
    [63, 71, 4, "Lint/LtsRuby/UnavailableMethod: Symbol#name is unavailable before Ruby 3.0.", 2087876002],
    [64, 16, 15, "Lint/LtsRuby/UnavailableMethod: Matrix/Vector#[]= is unavailable before Ruby 2.6.", 1397552598],
    [65, 16, 20, "Lint/LtsRuby/UnavailableMethod: Matrix/Vector#[]= is unavailable before Ruby 2.6.", 2025055014],
    [66, 16, 25, "Lint/LtsRuby/UnavailableMethod: Matrix/Vector#[]= is unavailable before Ruby 2.6.", 1727630048],
    [78, 13, 2, "Lint/LtsRuby/UnavailableMethod: Method/Proc#<< is unavailable before Ruby 2.6.", 5859461],
    [103, 13, 4, "Lint/LtsRuby/UnavailableMethod: Symbol#name is unavailable before Ruby 3.0.", 2087876002]
  ]
}
